# This file is automatically @generated by Cargo.
# It is not intended for manual editing.
version = 4

[[package]]
name = "yan-hir"
version = "0.1.0"

[[package]]
name = "yan-source"
version = "0.1.0"

[[package]]
name = "yan-syntax"
version = "0.1.0"
dependencies = [
 "yan-source",
]

[[package]]
name = "yanc"
version = "0.1.0"
dependencies = [
 "yan-source",
 "yan-syntax",
]
