# This file is automatically @generated by Cargo.
# It is not intended for manual editing.
version = 4

[[package]]
name = "yan-eval"
version = "0.1.0"
dependencies = [
 "yan-hir",
 "yan-mir",
 "yan-source",
 "yan-syntax",
 "yan-typeck",
]

[[package]]
name = "yan-hir"
version = "0.1.0"
dependencies = [
 "yan-source",
 "yan-syntax",
]

[[package]]
name = "yan-mir"
version = "0.1.0"
dependencies = [
 "yan-hir",
 "yan-source",
 "yan-syntax",
 "yan-typeck",
]

[[package]]
name = "yan-runtime"
version = "0.1.0"

[[package]]
name = "yan-rust-backend"
version = "0.1.0"
dependencies = [
 "yan-hir",
 "yan-mir",
 "yan-runtime",
 "yan-syntax",
 "yan-typeck",
]

[[package]]
name = "yan-source"
version = "0.1.0"

[[package]]
name = "yan-syntax"
version = "0.1.0"
dependencies = [
 "yan-source",
]

[[package]]
name = "yan-typeck"
version = "0.1.0"
dependencies = [
 "yan-hir",
 "yan-source",
 "yan-syntax",
]

[[package]]
name = "yanc"
version = "0.1.0"
dependencies = [
 "yan-eval",
 "yan-hir",
 "yan-mir",
 "yan-source",
 "yan-syntax",
 "yan-typeck",
]
